
Microsoft Visual Studio Solution File, Format Version 12.00
# Visual Studio 15
VisualStudioVersion = 15.0.27130.2010
MinimumVisualStudioVersion = 10.0.40219.1
Project("{FAE04EC0-301F-11D3-BF4B-00C04F79EFBC}") = "ASPNET_Core_COSMOS_DB", "ASPNET_Core_COSMOS_DB\ASPNET_Core_COSMOS_DB.csproj", "{D6B79375-9508-4C6E-B966-DD641CEEFEF8}"
EndProject
Global
	GlobalSection(SolutionConfigurationPlatforms) = preSolution
		Debug|Any CPU = Debug|Any CPU
		Release|Any CPU = Release|Any CPU
	EndGlobalSection
	GlobalSection(ProjectConfigurationPlatforms) = postSolution
		{D6B79375-9508-4C6E-B966-DD641CEEFEF8}.Debug|Any CPU.ActiveCfg = Debug|Any CPU
		{D6B79375-9508-4C6E-B966-DD641CEEFEF8}.Debug|Any CPU.Build.0 = Debug|Any CPU
		{D6B79375-9508-4C6E-B966-DD641CEEFEF8}.Release|Any CPU.ActiveCfg = Release|Any CPU
		{D6B79375-9508-4C6E-B966-DD641CEEFEF8}.Release|Any CPU.Build.0 = Release|Any CPU
	EndGlobalSection
	GlobalSection(SolutionProperties) = preSolution
		HideSolutionNode = FALSE
	EndGlobalSection
	GlobalSection(ExtensibilityGlobals) = postSolution
		SolutionGuid = {94E3CF39-5935-4105-B97B-1C809427E7E1}
	EndGlobalSection
EndGlobal
